
Microsoft Visual Studio Solution File, Format Version 12.00
# Visual Studio 15
VisualStudioVersion = 15.0.27428.2037
MinimumVisualStudioVersion = 10.0.40219.1
Project("{9A19103F-16F7-4668-BE54-9A1E7A4F7556}") = "API", "API\API.csproj", "{BCFAFAF0-0318-4F81-882F-C1FBAA5E0BDA}"
EndProject
Project("{FAE04EC0-301F-11D3-BF4B-00C04F79EFBC}") = "GUI", "GUI\GUI.csproj", "{A2E918B7-08A7-49F4-A0C3-8490F6317EFD}"
EndProject
Project("{FAE04EC0-301F-11D3-BF4B-00C04F79EFBC}") = "Domain", "User\Domain.csproj", "{D6928284-0774-473C-A86A-ED68FB4E5E3D}"
EndProject
Project("{FAE04EC0-301F-11D3-BF4B-00C04F79EFBC}") = "Data", "Data\Data.csproj", "{3F1AC272-127B-4555-A99E-2DA53A5B6B1D}"
EndProject
Global
	GlobalSection(SolutionConfigurationPlatforms) = preSolution
		Debug|Any CPU = Debug|Any CPU
		Release|Any CPU = Release|Any CPU
	EndGlobalSection
	GlobalSection(ProjectConfigurationPlatforms) = postSolution
		{BCFAFAF0-0318-4F81-882F-C1FBAA5E0BDA}.Debug|Any CPU.ActiveCfg = Debug|Any CPU
		{BCFAFAF0-0318-4F81-882F-C1FBAA5E0BDA}.Debug|Any CPU.Build.0 = Debug|Any CPU
		{BCFAFAF0-0318-4F81-882F-C1FBAA5E0BDA}.Release|Any CPU.ActiveCfg = Release|Any CPU
		{BCFAFAF0-0318-4F81-882F-C1FBAA5E0BDA}.Release|Any CPU.Build.0 = Release|Any CPU
		{A2E918B7-08A7-49F4-A0C3-8490F6317EFD}.Debug|Any CPU.ActiveCfg = Debug|Any CPU
		{A2E918B7-08A7-49F4-A0C3-8490F6317EFD}.Debug|Any CPU.Build.0 = Debug|Any CPU
		{A2E918B7-08A7-49F4-A0C3-8490F6317EFD}.Release|Any CPU.ActiveCfg = Release|Any CPU
		{A2E918B7-08A7-49F4-A0C3-8490F6317EFD}.Release|Any CPU.Build.0 = Release|Any CPU
		{D6928284-0774-473C-A86A-ED68FB4E5E3D}.Debug|Any CPU.ActiveCfg = Debug|Any CPU
		{D6928284-0774-473C-A86A-ED68FB4E5E3D}.Debug|Any CPU.Build.0 = Debug|Any CPU
		{D6928284-0774-473C-A86A-ED68FB4E5E3D}.Release|Any CPU.ActiveCfg = Release|Any CPU
		{D6928284-0774-473C-A86A-ED68FB4E5E3D}.Release|Any CPU.Build.0 = Release|Any CPU
		{3F1AC272-127B-4555-A99E-2DA53A5B6B1D}.Debug|Any CPU.ActiveCfg = Debug|Any CPU
		{3F1AC272-127B-4555-A99E-2DA53A5B6B1D}.Debug|Any CPU.Build.0 = Debug|Any CPU
		{3F1AC272-127B-4555-A99E-2DA53A5B6B1D}.Release|Any CPU.ActiveCfg = Release|Any CPU
		{3F1AC272-127B-4555-A99E-2DA53A5B6B1D}.Release|Any CPU.Build.0 = Release|Any CPU
	EndGlobalSection
	GlobalSection(SolutionProperties) = preSolution
		HideSolutionNode = FALSE
	EndGlobalSection
	GlobalSection(ExtensibilityGlobals) = postSolution
		SolutionGuid = {07CA3ACB-F7C8-4319-A10A-28A4896111B2}
	EndGlobalSection
EndGlobal
