
Microsoft Visual Studio Solution File, Format Version 12.00
# Visual Studio 15
VisualStudioVersion = 15.0.27428.2037
MinimumVisualStudioVersion = 10.0.40219.1
Project("{9A19103F-16F7-4668-BE54-9A1E7A4F7556}") = "API", "API\API.csproj", "{BCFAFAF0-0318-4F81-882F-C1FBAA5E0BDA}"
EndProject
Project("{FAE04EC0-301F-11D3-BF4B-00C04F79EFBC}") = "Data", "Data\Data.csproj", "{75C5FE58-8277-4A78-A6DE-AED927289333}"
EndProject
Project("{FAE04EC0-301F-11D3-BF4B-00C04F79EFBC}") = "Domain", "Domain\Domain.csproj", "{1276B952-B35C-4847-942C-2C40E76215A7}"
EndProject
Global
	GlobalSection(SolutionConfigurationPlatforms) = preSolution
		Debug|Any CPU = Debug|Any CPU
		Release|Any CPU = Release|Any CPU
	EndGlobalSection
	GlobalSection(ProjectConfigurationPlatforms) = postSolution
		{BCFAFAF0-0318-4F81-882F-C1FBAA5E0BDA}.Debug|Any CPU.ActiveCfg = Debug|Any CPU
		{BCFAFAF0-0318-4F81-882F-C1FBAA5E0BDA}.Debug|Any CPU.Build.0 = Debug|Any CPU
		{BCFAFAF0-0318-4F81-882F-C1FBAA5E0BDA}.Release|Any CPU.ActiveCfg = Release|Any CPU
		{BCFAFAF0-0318-4F81-882F-C1FBAA5E0BDA}.Release|Any CPU.Build.0 = Release|Any CPU
		{75C5FE58-8277-4A78-A6DE-AED927289333}.Debug|Any CPU.ActiveCfg = Debug|Any CPU
		{75C5FE58-8277-4A78-A6DE-AED927289333}.Debug|Any CPU.Build.0 = Debug|Any CPU
		{75C5FE58-8277-4A78-A6DE-AED927289333}.Release|Any CPU.ActiveCfg = Release|Any CPU
		{75C5FE58-8277-4A78-A6DE-AED927289333}.Release|Any CPU.Build.0 = Release|Any CPU
		{1276B952-B35C-4847-942C-2C40E76215A7}.Debug|Any CPU.ActiveCfg = Debug|Any CPU
		{1276B952-B35C-4847-942C-2C40E76215A7}.Debug|Any CPU.Build.0 = Debug|Any CPU
		{1276B952-B35C-4847-942C-2C40E76215A7}.Release|Any CPU.ActiveCfg = Release|Any CPU
		{1276B952-B35C-4847-942C-2C40E76215A7}.Release|Any CPU.Build.0 = Release|Any CPU
	EndGlobalSection
	GlobalSection(SolutionProperties) = preSolution
		HideSolutionNode = FALSE
	EndGlobalSection
	GlobalSection(ExtensibilityGlobals) = postSolution
		SolutionGuid = {07CA3ACB-F7C8-4319-A10A-28A4896111B2}
	EndGlobalSection
EndGlobal
